// !$*UTF8*$!
{
	archiveVersion = 1;
	classes = {
	};
	objectVersion = 51;
	objects = {

/* Begin PBXBuildFile section */
		9E5A9B6A24E9B5CF0011C3F5 /* ArtistItemView.swift in Sources */ = {isa = PBXBuildFile; fileRef = 9E5A9B6824E9B5CF0011C3F5 /* ArtistItemView.swift */; };
		9E5A9B6B24E9B5CF0011C3F5 /* ArtistItemView.xib in Resources */ = {isa = PBXBuildFile; fileRef = 9E5A9B6924E9B5CF0011C3F5 /* ArtistItemView.xib */; };
		9E5A9B6D24E9BDDF0011C3F5 /* FirebaseRepository.swift in Sources */ = {isa = PBXBuildFile; fileRef = 9E5A9B6C24E9BDDF0011C3F5 /* FirebaseRepository.swift */; };
		9E5A9B7324EB437E0011C3F5 /* Constants.swift in Sources */ = {isa = PBXBuildFile; fileRef = 9E5A9B7224EB437E0011C3F5 /* Constants.swift */; };
		9E70AFA624F14E62009725D8 /* WelcomeViewController.swift in Sources */ = {isa = PBXBuildFile; fileRef = 9E70AFA524F14E62009725D8 /* WelcomeViewController.swift */; };
		9E70AFA824F15CCD009725D8 /* SignUpViewController.swift in Sources */ = {isa = PBXBuildFile; fileRef = 9E70AFA724F15CCD009725D8 /* SignUpViewController.swift */; };
		9E98B36024E7895800CBDD5E /* MainUserViewController.swift in Sources */ = {isa = PBXBuildFile; fileRef = 9E98B35F24E7895800CBDD5E /* MainUserViewController.swift */; };
		9EA8914724E72010007F4F8C /* AppDelegate.swift in Sources */ = {isa = PBXBuildFile; fileRef = 9EA8914624E72010007F4F8C /* AppDelegate.swift */; };
		9EA8914924E72010007F4F8C /* SceneDelegate.swift in Sources */ = {isa = PBXBuildFile; fileRef = 9EA8914824E72010007F4F8C /* SceneDelegate.swift */; };
		9EA8914B24E72010007F4F8C /* LoginViewController.swift in Sources */ = {isa = PBXBuildFile; fileRef = 9EA8914A24E72010007F4F8C /* LoginViewController.swift */; };
		9EA8914E24E72010007F4F8C /* Main.storyboard in Resources */ = {isa = PBXBuildFile; fileRef = 9EA8914C24E72010007F4F8C /* Main.storyboard */; };
		9EA8915024E72012007F4F8C /* Assets.xcassets in Resources */ = {isa = PBXBuildFile; fileRef = 9EA8914F24E72012007F4F8C /* Assets.xcassets */; };
		9EA8915324E72012007F4F8C /* LaunchScreen.storyboard in Resources */ = {isa = PBXBuildFile; fileRef = 9EA8915124E72012007F4F8C /* LaunchScreen.storyboard */; };
		9EA8915F24E728FC007F4F8C /* GoogleService-Info.plist in Resources */ = {isa = PBXBuildFile; fileRef = 9EA8915E24E728FC007F4F8C /* GoogleService-Info.plist */; };
		9EFFF1A524E852BE00ABB530 /* AddArtistViewController.swift in Sources */ = {isa = PBXBuildFile; fileRef = 9EFFF1A424E852BE00ABB530 /* AddArtistViewController.swift */; };
		9EFFF1A724E86E4A00ABB530 /* ArtistSearchManager.swift in Sources */ = {isa = PBXBuildFile; fileRef = 9EFFF1A624E86E4A00ABB530 /* ArtistSearchManager.swift */; };
		9EFFF1AC24E86F4000ABB530 /* ArtistModel.swift in Sources */ = {isa = PBXBuildFile; fileRef = 9EFFF1AB24E86F4000ABB530 /* ArtistModel.swift */; };
		A592F880DF4DD170443A3E82 /* Pods_Heard_iOS.framework in Frameworks */ = {isa = PBXBuildFile; fileRef = D27F54A1B8C83E728C5D704C /* Pods_Heard_iOS.framework */; };
/* End PBXBuildFile section */

/* Begin PBXFileReference section */
		1D722349FB3B1C00A9D6B5FE /* Pods-Heard_iOS.debug.xcconfig */ = {isa = PBXFileReference; includeInIndex = 1; lastKnownFileType = text.xcconfig; name = "Pods-Heard_iOS.debug.xcconfig"; path = "Target Support Files/Pods-Heard_iOS/Pods-Heard_iOS.debug.xcconfig"; sourceTree = "<group>"; };
		9E5A9B6824E9B5CF0011C3F5 /* ArtistItemView.swift */ = {isa = PBXFileReference; lastKnownFileType = sourcecode.swift; path = ArtistItemView.swift; sourceTree = "<group>"; };
		9E5A9B6924E9B5CF0011C3F5 /* ArtistItemView.xib */ = {isa = PBXFileReference; lastKnownFileType = file.xib; path = ArtistItemView.xib; sourceTree = "<group>"; };
		9E5A9B6C24E9BDDF0011C3F5 /* FirebaseRepository.swift */ = {isa = PBXFileReference; lastKnownFileType = sourcecode.swift; path = FirebaseRepository.swift; sourceTree = "<group>"; };
		9E5A9B7224EB437E0011C3F5 /* Constants.swift */ = {isa = PBXFileReference; lastKnownFileType = sourcecode.swift; path = Constants.swift; sourceTree = "<group>"; };
		9E70AFA524F14E62009725D8 /* WelcomeViewController.swift */ = {isa = PBXFileReference; lastKnownFileType = sourcecode.swift; path = WelcomeViewController.swift; sourceTree = "<group>"; };
		9E70AFA724F15CCD009725D8 /* SignUpViewController.swift */ = {isa = PBXFileReference; lastKnownFileType = sourcecode.swift; path = SignUpViewController.swift; sourceTree = "<group>"; };
		9E98B35F24E7895800CBDD5E /* MainUserViewController.swift */ = {isa = PBXFileReference; lastKnownFileType = sourcecode.swift; path = MainUserViewController.swift; sourceTree = "<group>"; };
		9EA8914324E72010007F4F8C /* Heard_iOS.app */ = {isa = PBXFileReference; explicitFileType = wrapper.application; includeInIndex = 0; path = Heard_iOS.app; sourceTree = BUILT_PRODUCTS_DIR; };
		9EA8914624E72010007F4F8C /* AppDelegate.swift */ = {isa = PBXFileReference; lastKnownFileType = sourcecode.swift; path = AppDelegate.swift; sourceTree = "<group>"; };
		9EA8914824E72010007F4F8C /* SceneDelegate.swift */ = {isa = PBXFileReference; lastKnownFileType = sourcecode.swift; path = SceneDelegate.swift; sourceTree = "<group>"; };
		9EA8914A24E72010007F4F8C /* LoginViewController.swift */ = {isa = PBXFileReference; lastKnownFileType = sourcecode.swift; path = LoginViewController.swift; sourceTree = "<group>"; };
		9EA8914D24E72010007F4F8C /* Base */ = {isa = PBXFileReference; lastKnownFileType = file.storyboard; name = Base; path = Base.lproj/Main.storyboard; sourceTree = "<group>"; };
		9EA8914F24E72012007F4F8C /* Assets.xcassets */ = {isa = PBXFileReference; lastKnownFileType = folder.assetcatalog; path = Assets.xcassets; sourceTree = "<group>"; };
		9EA8915224E72012007F4F8C /* Base */ = {isa = PBXFileReference; lastKnownFileType = file.storyboard; name = Base; path = Base.lproj/LaunchScreen.storyboard; sourceTree = "<group>"; };
		9EA8915424E72012007F4F8C /* Info.plist */ = {isa = PBXFileReference; lastKnownFileType = text.plist.xml; path = Info.plist; sourceTree = "<group>"; };
		9EA8915E24E728FC007F4F8C /* GoogleService-Info.plist */ = {isa = PBXFileReference; fileEncoding = 4; lastKnownFileType = text.plist.xml; path = "GoogleService-Info.plist"; sourceTree = "<group>"; };
		9EFFF1A424E852BE00ABB530 /* AddArtistViewController.swift */ = {isa = PBXFileReference; lastKnownFileType = sourcecode.swift; path = AddArtistViewController.swift; sourceTree = "<group>"; };
		9EFFF1A624E86E4A00ABB530 /* ArtistSearchManager.swift */ = {isa = PBXFileReference; lastKnownFileType = sourcecode.swift; path = ArtistSearchManager.swift; sourceTree = "<group>"; };
		9EFFF1AB24E86F4000ABB530 /* ArtistModel.swift */ = {isa = PBXFileReference; lastKnownFileType = sourcecode.swift; path = ArtistModel.swift; sourceTree = "<group>"; };
		B99608C5A8BF2CC6285873F7 /* Pods-Heard_iOS.release.xcconfig */ = {isa = PBXFileReference; includeInIndex = 1; lastKnownFileType = text.xcconfig; name = "Pods-Heard_iOS.release.xcconfig"; path = "Target Support Files/Pods-Heard_iOS/Pods-Heard_iOS.release.xcconfig"; sourceTree = "<group>"; };
		D27F54A1B8C83E728C5D704C /* Pods_Heard_iOS.framework */ = {isa = PBXFileReference; explicitFileType = wrapper.framework; includeInIndex = 0; path = Pods_Heard_iOS.framework; sourceTree = BUILT_PRODUCTS_DIR; };
/* End PBXFileReference section */

/* Begin PBXFrameworksBuildPhase section */
		9EA8914024E72010007F4F8C /* Frameworks */ = {
			isa = PBXFrameworksBuildPhase;
			buildActionMask = 2147483647;
			files = (
				A592F880DF4DD170443A3E82 /* Pods_Heard_iOS.framework in Frameworks */,
			);
			runOnlyForDeploymentPostprocessing = 0;
		};
/* End PBXFrameworksBuildPhase section */

/* Begin PBXGroup section */
		3691FCE88288E1D235F057F4 /* Frameworks */ = {
			isa = PBXGroup;
			children = (
				D27F54A1B8C83E728C5D704C /* Pods_Heard_iOS.framework */,
			);
			name = Frameworks;
			sourceTree = "<group>";
		};
		3F43E34D1274DB78CE62D4AE /* Pods */ = {
			isa = PBXGroup;
			children = (
				1D722349FB3B1C00A9D6B5FE /* Pods-Heard_iOS.debug.xcconfig */,
				B99608C5A8BF2CC6285873F7 /* Pods-Heard_iOS.release.xcconfig */,
			);
			path = Pods;
			sourceTree = "<group>";
		};
		9E5A9B6E24E9BDE20011C3F5 /* Database */ = {
			isa = PBXGroup;
			children = (
				9E5A9B6C24E9BDDF0011C3F5 /* FirebaseRepository.swift */,
			);
			path = Database;
			sourceTree = "<group>";
		};
		9EA8913A24E72010007F4F8C = {
			isa = PBXGroup;
			children = (
				9EA8914524E72010007F4F8C /* Heard_iOS */,
				9EA8914424E72010007F4F8C /* Products */,
				3F43E34D1274DB78CE62D4AE /* Pods */,
				3691FCE88288E1D235F057F4 /* Frameworks */,
			);
			sourceTree = "<group>";
		};
		9EA8914424E72010007F4F8C /* Products */ = {
			isa = PBXGroup;
			children = (
				9EA8914324E72010007F4F8C /* Heard_iOS.app */,
			);
			name = Products;
			sourceTree = "<group>";
		};
		9EA8914524E72010007F4F8C /* Heard_iOS */ = {
			isa = PBXGroup;
			children = (
				9EA8914624E72010007F4F8C /* AppDelegate.swift */,
				9EA8914824E72010007F4F8C /* SceneDelegate.swift */,
				9EA8915B24E72211007F4F8C /* View */,
				9EFFF1A824E86E6100ABB530 /* Network */,
				9EA8915D24E72234007F4F8C /* Model */,
				9E5A9B6E24E9BDE20011C3F5 /* Database */,
				9EA8915C24E72225007F4F8C /* Controller */,
				9EA8914F24E72012007F4F8C /* Assets.xcassets */,
				9EA8915124E72012007F4F8C /* LaunchScreen.storyboard */,
				9EA8915424E72012007F4F8C /* Info.plist */,
				9EA8915E24E728FC007F4F8C /* GoogleService-Info.plist */,
				9E5A9B7224EB437E0011C3F5 /* Constants.swift */,
			);
			path = Heard_iOS;
			sourceTree = "<group>";
		};
		9EA8915B24E72211007F4F8C /* View */ = {
			isa = PBXGroup;
			children = (
				9EA8914C24E72010007F4F8C /* Main.storyboard */,
				9E5A9B6824E9B5CF0011C3F5 /* ArtistItemView.swift */,
				9E5A9B6924E9B5CF0011C3F5 /* ArtistItemView.xib */,
			);
			path = View;
			sourceTree = "<group>";
		};
		9EA8915C24E72225007F4F8C /* Controller */ = {
			isa = PBXGroup;
			children = (
				9EA8914A24E72010007F4F8C /* LoginViewController.swift */,
				9E98B35F24E7895800CBDD5E /* MainUserViewController.swift */,
				9EFFF1A424E852BE00ABB530 /* AddArtistViewController.swift */,
				9E70AFA524F14E62009725D8 /* WelcomeViewController.swift */,
				9E70AFA724F15CCD009725D8 /* SignUpViewController.swift */,
			);
			path = Controller;
			sourceTree = "<group>";
		};
		9EA8915D24E72234007F4F8C /* Model */ = {
			isa = PBXGroup;
			children = (
				9EFFF1AB24E86F4000ABB530 /* ArtistModel.swift */,
			);
			path = Model;
			sourceTree = "<group>";
		};
		9EFFF1A824E86E6100ABB530 /* Network */ = {
			isa = PBXGroup;
			children = (
				9EFFF1A624E86E4A00ABB530 /* ArtistSearchManager.swift */,
			);
			path = Network;
			sourceTree = "<group>";
		};
/* End PBXGroup section */

/* Begin PBXNativeTarget section */
		9EA8914224E72010007F4F8C /* Heard_iOS */ = {
			isa = PBXNativeTarget;
			buildConfigurationList = 9EA8915724E72012007F4F8C /* Build configuration list for PBXNativeTarget "Heard_iOS" */;
			buildPhases = (
				F734382081CB21D0908AFB95 /* [CP] Check Pods Manifest.lock */,
				9EA8913F24E72010007F4F8C /* Sources */,
				9EA8914024E72010007F4F8C /* Frameworks */,
				9EA8914124E72010007F4F8C /* Resources */,
				5DE1DD454F326EF3BAA5DA4C /* [CP] Embed Pods Frameworks */,
			);
			buildRules = (
			);
			dependencies = (
			);
			name = Heard_iOS;
			productName = Heard_iOS;
			productReference = 9EA8914324E72010007F4F8C /* Heard_iOS.app */;
			productType = "com.apple.product-type.application";
		};
/* End PBXNativeTarget section */

/* Begin PBXProject section */
		9EA8913B24E72010007F4F8C /* Project object */ = {
			isa = PBXProject;
			attributes = {
				LastSwiftUpdateCheck = 1140;
				LastUpgradeCheck = 1140;
				ORGANIZATIONNAME = "Talha Rahman";
				TargetAttributes = {
					9EA8914224E72010007F4F8C = {
						CreatedOnToolsVersion = 11.4.1;
					};
				};
			};
			buildConfigurationList = 9EA8913E24E72010007F4F8C /* Build configuration list for PBXProject "Heard_iOS" */;
			compatibilityVersion = "Xcode 9.3";
			developmentRegion = en;
			hasScannedForEncodings = 0;
			knownRegions = (
				en,
				Base,
			);
			mainGroup = 9EA8913A24E72010007F4F8C;
			productRefGroup = 9EA8914424E72010007F4F8C /* Products */;
			projectDirPath = "";
			projectRoot = "";
			targets = (
				9EA8914224E72010007F4F8C /* Heard_iOS */,
			);
		};
/* End PBXProject section */

/* Begin PBXResourcesBuildPhase section */
		9EA8914124E72010007F4F8C /* Resources */ = {
			isa = PBXResourcesBuildPhase;
			buildActionMask = 2147483647;
			files = (
				9E5A9B6B24E9B5CF0011C3F5 /* ArtistItemView.xib in Resources */,
				9EA8915324E72012007F4F8C /* LaunchScreen.storyboard in Resources */,
				9EA8915F24E728FC007F4F8C /* GoogleService-Info.plist in Resources */,
				9EA8915024E72012007F4F8C /* Assets.xcassets in Resources */,
				9EA8914E24E72010007F4F8C /* Main.storyboard in Resources */,
			);
			runOnlyForDeploymentPostprocessing = 0;
		};
/* End PBXResourcesBuildPhase section */

/* Begin PBXShellScriptBuildPhase section */
		5DE1DD454F326EF3BAA5DA4C /* [CP] Embed Pods Frameworks */ = {
			isa = PBXShellScriptBuildPhase;
			buildActionMask = 2147483647;
			files = (
			);
			inputFileListPaths = (
				"${PODS_ROOT}/Target Support Files/Pods-Heard_iOS/Pods-Heard_iOS-frameworks-${CONFIGURATION}-input-files.xcfilelist",
			);
			name = "[CP] Embed Pods Frameworks";
			outputFileListPaths = (
				"${PODS_ROOT}/Target Support Files/Pods-Heard_iOS/Pods-Heard_iOS-frameworks-${CONFIGURATION}-output-files.xcfilelist",
			);
			runOnlyForDeploymentPostprocessing = 0;
			shellPath = /bin/sh;
			shellScript = "\"${PODS_ROOT}/Target Support Files/Pods-Heard_iOS/Pods-Heard_iOS-frameworks.sh\"\n";
			showEnvVarsInLog = 0;
		};
		F734382081CB21D0908AFB95 /* [CP] Check Pods Manifest.lock */ = {
			isa = PBXShellScriptBuildPhase;
			buildActionMask = 2147483647;
			files = (
			);
			inputFileListPaths = (
			);
			inputPaths = (
				"${PODS_PODFILE_DIR_PATH}/Podfile.lock",
				"${PODS_ROOT}/Manifest.lock",
			);
			name = "[CP] Check Pods Manifest.lock";
			outputFileListPaths = (
			);
			outputPaths = (
				"$(DERIVED_FILE_DIR)/Pods-Heard_iOS-checkManifestLockResult.txt",
			);
			runOnlyForDeploymentPostprocessing = 0;
			shellPath = /bin/sh;
			shellScript = "diff \"${PODS_PODFILE_DIR_PATH}/Podfile.lock\" \"${PODS_ROOT}/Manifest.lock\" > /dev/null\nif [ $? != 0 ] ; then\n    # print error to STDERR\n    echo \"error: The sandbox is not in sync with the Podfile.lock. Run 'pod install' or update your CocoaPods installation.\" >&2\n    exit 1\nfi\n# This output is used by Xcode 'outputs' to avoid re-running this script phase.\necho \"SUCCESS\" > \"${SCRIPT_OUTPUT_FILE_0}\"\n";
			showEnvVarsInLog = 0;
		};
/* End PBXShellScriptBuildPhase section */

/* Begin PBXSourcesBuildPhase section */
		9EA8913F24E72010007F4F8C /* Sources */ = {
			isa = PBXSourcesBuildPhase;
			buildActionMask = 2147483647;
			files = (
				9E5A9B6A24E9B5CF0011C3F5 /* ArtistItemView.swift in Sources */,
				9E5A9B7324EB437E0011C3F5 /* Constants.swift in Sources */,
				9E70AFA624F14E62009725D8 /* WelcomeViewController.swift in Sources */,
				9EFFF1A724E86E4A00ABB530 /* ArtistSearchManager.swift in Sources */,
				9EA8914B24E72010007F4F8C /* LoginViewController.swift in Sources */,
				9EFFF1AC24E86F4000ABB530 /* ArtistModel.swift in Sources */,
				9E70AFA824F15CCD009725D8 /* SignUpViewController.swift in Sources */,
				9EA8914724E72010007F4F8C /* AppDelegate.swift in Sources */,
				9E5A9B6D24E9BDDF0011C3F5 /* FirebaseRepository.swift in Sources */,
				9EFFF1A524E852BE00ABB530 /* AddArtistViewController.swift in Sources */,
				9E98B36024E7895800CBDD5E /* MainUserViewController.swift in Sources */,
				9EA8914924E72010007F4F8C /* SceneDelegate.swift in Sources */,
			);
			runOnlyForDeploymentPostprocessing = 0;
		};
/* End PBXSourcesBuildPhase section */

/* Begin PBXVariantGroup section */
		9EA8914C24E72010007F4F8C /* Main.storyboard */ = {
			isa = PBXVariantGroup;
			children = (
				9EA8914D24E72010007F4F8C /* Base */,
			);
			name = Main.storyboard;
			sourceTree = "<group>";
		};
		9EA8915124E72012007F4F8C /* LaunchScreen.storyboard */ = {
			isa = PBXVariantGroup;
			children = (
				9EA8915224E72012007F4F8C /* Base */,
			);
			name = LaunchScreen.storyboard;
			sourceTree = "<group>";
		};
/* End PBXVariantGroup section */

/* Begin XCBuildConfiguration section */
		9EA8915524E72012007F4F8C /* Debug */ = {
			isa = XCBuildConfiguration;
			buildSettings = {
				ALWAYS_SEARCH_USER_PATHS = NO;
				CLANG_ANALYZER_NONNULL = YES;
				CLANG_ANALYZER_NUMBER_OBJECT_CONVERSION = YES_AGGRESSIVE;
				CLANG_CXX_LANGUAGE_STANDARD = "gnu++14";
				CLANG_CXX_LIBRARY = "libc++";
				CLANG_ENABLE_MODULES = YES;
				CLANG_ENABLE_OBJC_ARC = YES;
				CLANG_ENABLE_OBJC_WEAK = YES;
				CLANG_WARN_BLOCK_CAPTURE_AUTORELEASING = YES;
				CLANG_WARN_BOOL_CONVERSION = YES;
				CLANG_WARN_COMMA = YES;
				CLANG_WARN_CONSTANT_CONVERSION = YES;
				CLANG_WARN_DEPRECATED_OBJC_IMPLEMENTATIONS = YES;
				CLANG_WARN_DIRECT_OBJC_ISA_USAGE = YES_ERROR;
				CLANG_WARN_DOCUMENTATION_COMMENTS = YES;
				CLANG_WARN_EMPTY_BODY = YES;
				CLANG_WARN_ENUM_CONVERSION = YES;
				CLANG_WARN_INFINITE_RECURSION = YES;
				CLANG_WARN_INT_CONVERSION = YES;
				CLANG_WARN_NON_LITERAL_NULL_CONVERSION = YES;
				CLANG_WARN_OBJC_IMPLICIT_RETAIN_SELF = YES;
				CLANG_WARN_OBJC_LITERAL_CONVERSION = YES;
				CLANG_WARN_OBJC_ROOT_CLASS = YES_ERROR;
				CLANG_WARN_RANGE_LOOP_ANALYSIS = YES;
				CLANG_WARN_STRICT_PROTOTYPES = YES;
				CLANG_WARN_SUSPICIOUS_MOVE = YES;
				CLANG_WARN_UNGUARDED_AVAILABILITY = YES_AGGRESSIVE;
				CLANG_WARN_UNREACHABLE_CODE = YES;
				CLANG_WARN__DUPLICATE_METHOD_MATCH = YES;
				COPY_PHASE_STRIP = NO;
				DEBUG_INFORMATION_FORMAT = dwarf;
				ENABLE_STRICT_OBJC_MSGSEND = YES;
				ENABLE_TESTABILITY = YES;
				GCC_C_LANGUAGE_STANDARD = gnu11;
				GCC_DYNAMIC_NO_PIC = NO;
				GCC_NO_COMMON_BLOCKS = YES;
				GCC_OPTIMIZATION_LEVEL = 0;
				GCC_PREPROCESSOR_DEFINITIONS = (
					"DEBUG=1",
					"$(inherited)",
				);
				GCC_WARN_64_TO_32_BIT_CONVERSION = YES;
				GCC_WARN_ABOUT_RETURN_TYPE = YES_ERROR;
				GCC_WARN_UNDECLARED_SELECTOR = YES;
				GCC_WARN_UNINITIALIZED_AUTOS = YES_AGGRESSIVE;
				GCC_WARN_UNUSED_FUNCTION = YES;
				GCC_WARN_UNUSED_VARIABLE = YES;
				IPHONEOS_DEPLOYMENT_TARGET = 13.4;
				MTL_ENABLE_DEBUG_INFO = INCLUDE_SOURCE;
				MTL_FAST_MATH = YES;
				ONLY_ACTIVE_ARCH = YES;
				SDKROOT = iphoneos;
				SWIFT_ACTIVE_COMPILATION_CONDITIONS = DEBUG;
				SWIFT_OPTIMIZATION_LEVEL = "-Onone";
			};
			name = Debug;
		};
		9EA8915624E72012007F4F8C /* Release */ = {
			isa = XCBuildConfiguration;
			buildSettings = {
				ALWAYS_SEARCH_USER_PATHS = NO;
				CLANG_ANALYZER_NONNULL = YES;
				CLANG_ANALYZER_NUMBER_OBJECT_CONVERSION = YES_AGGRESSIVE;
				CLANG_CXX_LANGUAGE_STANDARD = "gnu++14";
				CLANG_CXX_LIBRARY = "libc++";
				CLANG_ENABLE_MODULES = YES;
				CLANG_ENABLE_OBJC_ARC = YES;
				CLANG_ENABLE_OBJC_WEAK = YES;
				CLANG_WARN_BLOCK_CAPTURE_AUTORELEASING = YES;
				CLANG_WARN_BOOL_CONVERSION = YES;
				CLANG_WARN_COMMA = YES;
				CLANG_WARN_CONSTANT_CONVERSION = YES;
				CLANG_WARN_DEPRECATED_OBJC_IMPLEMENTATIONS = YES;
				CLANG_WARN_DIRECT_OBJC_ISA_USAGE = YES_ERROR;
				CLANG_WARN_DOCUMENTATION_COMMENTS = YES;
				CLANG_WARN_EMPTY_BODY = YES;
				CLANG_WARN_ENUM_CONVERSION = YES;
				CLANG_WARN_INFINITE_RECURSION = YES;
				CLANG_WARN_INT_CONVERSION = YES;
				CLANG_WARN_NON_LITERAL_NULL_CONVERSION = YES;
				CLANG_WARN_OBJC_IMPLICIT_RETAIN_SELF = YES;
				CLANG_WARN_OBJC_LITERAL_CONVERSION = YES;
				CLANG_WARN_OBJC_ROOT_CLASS = YES_ERROR;
				CLANG_WARN_RANGE_LOOP_ANALYSIS = YES;
				CLANG_WARN_STRICT_PROTOTYPES = YES;
				CLANG_WARN_SUSPICIOUS_MOVE = YES;
				CLANG_WARN_UNGUARDED_AVAILABILITY = YES_AGGRESSIVE;
				CLANG_WARN_UNREACHABLE_CODE = YES;
				CLANG_WARN__DUPLICATE_METHOD_MATCH = YES;
				COPY_PHASE_STRIP = NO;
				DEBUG_INFORMATION_FORMAT = "dwarf-with-dsym";
				ENABLE_NS_ASSERTIONS = NO;
				ENABLE_STRICT_OBJC_MSGSEND = YES;
				GCC_C_LANGUAGE_STANDARD = gnu11;
				GCC_NO_COMMON_BLOCKS = YES;
				GCC_WARN_64_TO_32_BIT_CONVERSION = YES;
				GCC_WARN_ABOUT_RETURN_TYPE = YES_ERROR;
				GCC_WARN_UNDECLARED_SELECTOR = YES;
				GCC_WARN_UNINITIALIZED_AUTOS = YES_AGGRESSIVE;
				GCC_WARN_UNUSED_FUNCTION = YES;
				GCC_WARN_UNUSED_VARIABLE = YES;
				IPHONEOS_DEPLOYMENT_TARGET = 13.4;
				MTL_ENABLE_DEBUG_INFO = NO;
				MTL_FAST_MATH = YES;
				SDKROOT = iphoneos;
				SWIFT_COMPILATION_MODE = wholemodule;
				SWIFT_OPTIMIZATION_LEVEL = "-O";
				VALIDATE_PRODUCT = YES;
			};
			name = Release;
		};
		9EA8915824E72012007F4F8C /* Debug */ = {
			isa = XCBuildConfiguration;
			baseConfigurationReference = 1D722349FB3B1C00A9D6B5FE /* Pods-Heard_iOS.debug.xcconfig */;
			buildSettings = {
				ASSETCATALOG_COMPILER_APPICON_NAME = AppIcon;
				CODE_SIGN_STYLE = Automatic;
				INFOPLIST_FILE = Heard_iOS/Info.plist;
				LD_RUNPATH_SEARCH_PATHS = (
					"$(inherited)",
					"@executable_path/Frameworks",
				);
				PRODUCT_BUNDLE_IDENTIFIER = "com.talharahman.Heard-iOS";
				PRODUCT_NAME = "$(TARGET_NAME)";
				SWIFT_VERSION = 5.0;
				TARGETED_DEVICE_FAMILY = "1,2";
			};
			name = Debug;
		};
		9EA8915924E72012007F4F8C /* Release */ = {
			isa = XCBuildConfiguration;
			baseConfigurationReference = B99608C5A8BF2CC6285873F7 /* Pods-Heard_iOS.release.xcconfig */;
			buildSettings = {
				ASSETCATALOG_COMPILER_APPICON_NAME = AppIcon;
				CODE_SIGN_STYLE = Automatic;
				INFOPLIST_FILE = Heard_iOS/Info.plist;
				LD_RUNPATH_SEARCH_PATHS = (
					"$(inherited)",
					"@executable_path/Frameworks",
				);
				PRODUCT_BUNDLE_IDENTIFIER = "com.talharahman.Heard-iOS";
				PRODUCT_NAME = "$(TARGET_NAME)";
				SWIFT_VERSION = 5.0;
				TARGETED_DEVICE_FAMILY = "1,2";
			};
			name = Release;
		};
/* End XCBuildConfiguration section */

/* Begin XCConfigurationList section */
		9EA8913E24E72010007F4F8C /* Build configuration list for PBXProject "Heard_iOS" */ = {
			isa = XCConfigurationList;
			buildConfigurations = (
				9EA8915524E72012007F4F8C /* Debug */,
				9EA8915624E72012007F4F8C /* Release */,
			);
			defaultConfigurationIsVisible = 0;
			defaultConfigurationName = Release;
		};
		9EA8915724E72012007F4F8C /* Build configuration list for PBXNativeTarget "Heard_iOS" */ = {
			isa = XCConfigurationList;
			buildConfigurations = (
				9EA8915824E72012007F4F8C /* Debug */,
				9EA8915924E72012007F4F8C /* Release */,
			);
			defaultConfigurationIsVisible = 0;
			defaultConfigurationName = Release;
		};
/* End XCConfigurationList section */
	};
	rootObject = 9EA8913B24E72010007F4F8C /* Project object */;
}
